
Microsoft Visual Studio Solution File, Format Version 12.00
# Visual Studio Version 16
VisualStudioVersion = 16.0.30621.155
MinimumVisualStudioVersion = 10.0.40219.1
Project("{FAE04EC0-301F-11D3-BF4B-00C04F79EFBC}") = "Arboles y Grafos -Estructuras de Datos", "Arboles y Grafos -Estructuras de Datos.csproj", "{D1DD6CCC-EE6D-4746-BBAA-80CF438C3830}"
EndProject
Global
	GlobalSection(SolutionConfigurationPlatforms) = preSolution
		Debug|Any CPU = Debug|Any CPU
		Release|Any CPU = Release|Any CPU
	EndGlobalSection
	GlobalSection(ProjectConfigurationPlatforms) = postSolution
		{D1DD6CCC-EE6D-4746-BBAA-80CF438C3830}.Debug|Any CPU.ActiveCfg = Debug|Any CPU
		{D1DD6CCC-EE6D-4746-BBAA-80CF438C3830}.Debug|Any CPU.Build.0 = Debug|Any CPU
		{D1DD6CCC-EE6D-4746-BBAA-80CF438C3830}.Release|Any CPU.ActiveCfg = Release|Any CPU
		{D1DD6CCC-EE6D-4746-BBAA-80CF438C3830}.Release|Any CPU.Build.0 = Release|Any CPU
	EndGlobalSection
	GlobalSection(SolutionProperties) = preSolution
		HideSolutionNode = FALSE
	EndGlobalSection
	GlobalSection(ExtensibilityGlobals) = postSolution
		SolutionGuid = {12FBA7B4-EF42-41E3-A739-7A34D825F53A}
	EndGlobalSection
EndGlobal
